
Microsoft Visual Studio Solution File, Format Version 12.00
# Visual Studio Version 17
VisualStudioVersion = 17.14.36121.58 d17.14
MinimumVisualStudioVersion = 10.0.40219.1
Project("{FAE04EC0-301F-11D3-BF4B-00C04F79EFBC}") = "prometheus-poc", "prometheus-poc\prometheus-poc.csproj", "{0EA0D9B5-C68A-4B7E-8F48-BF397E7A05BB}"
EndProject
Global
	GlobalSection(SolutionConfigurationPlatforms) = preSolution
		Debug|Any CPU = Debug|Any CPU
		Release|Any CPU = Release|Any CPU
	EndGlobalSection
	GlobalSection(ProjectConfigurationPlatforms) = postSolution
		{0EA0D9B5-C68A-4B7E-8F48-BF397E7A05BB}.Debug|Any CPU.ActiveCfg = Debug|Any CPU
		{0EA0D9B5-C68A-4B7E-8F48-BF397E7A05BB}.Debug|Any CPU.Build.0 = Debug|Any CPU
		{0EA0D9B5-C68A-4B7E-8F48-BF397E7A05BB}.Release|Any CPU.ActiveCfg = Release|Any CPU
		{0EA0D9B5-C68A-4B7E-8F48-BF397E7A05BB}.Release|Any CPU.Build.0 = Release|Any CPU
	EndGlobalSection
	GlobalSection(SolutionProperties) = preSolution
		HideSolutionNode = FALSE
	EndGlobalSection
	GlobalSection(ExtensibilityGlobals) = postSolution
		SolutionGuid = {B7991C99-BCD6-4D63-8182-DA1F2289B1FD}
	EndGlobalSection
EndGlobal
